
Microsoft Visual Studio Solution File, Format Version 12.00
# Visual Studio 14
VisualStudioVersion = 14.0.25420.1
MinimumVisualStudioVersion = 10.0.40219.1
Project("{FAE04EC0-301F-11D3-BF4B-00C04F79EFBC}") = "ContentStatMTExcelByWeek", "..\ContentStatMTExcelByWeek\ContentStatMTExcelByWeek.csproj", "{E88F81A0-DB5F-4749-A265-51BD0F11E198}"
EndProject
Project("{FAE04EC0-301F-11D3-BF4B-00C04F79EFBC}") = "ContentStatMOExcelByWeek", "ContentStatMOExcelByWeek.csproj", "{EDC86B85-BE66-445C-9333-2B718D47B2C4}"
EndProject
Global
	GlobalSection(SolutionConfigurationPlatforms) = preSolution
		Debug|Any CPU = Debug|Any CPU
		Release|Any CPU = Release|Any CPU
	EndGlobalSection
	GlobalSection(ProjectConfigurationPlatforms) = postSolution
		{E88F81A0-DB5F-4749-A265-51BD0F11E198}.Debug|Any CPU.ActiveCfg = Debug|Any CPU
		{E88F81A0-DB5F-4749-A265-51BD0F11E198}.Debug|Any CPU.Build.0 = Debug|Any CPU
		{E88F81A0-DB5F-4749-A265-51BD0F11E198}.Release|Any CPU.ActiveCfg = Release|Any CPU
		{E88F81A0-DB5F-4749-A265-51BD0F11E198}.Release|Any CPU.Build.0 = Release|Any CPU
		{EDC86B85-BE66-445C-9333-2B718D47B2C4}.Debug|Any CPU.ActiveCfg = Debug|Any CPU
		{EDC86B85-BE66-445C-9333-2B718D47B2C4}.Debug|Any CPU.Build.0 = Debug|Any CPU
		{EDC86B85-BE66-445C-9333-2B718D47B2C4}.Release|Any CPU.ActiveCfg = Release|Any CPU
		{EDC86B85-BE66-445C-9333-2B718D47B2C4}.Release|Any CPU.Build.0 = Release|Any CPU
	EndGlobalSection
	GlobalSection(SolutionProperties) = preSolution
		HideSolutionNode = FALSE
	EndGlobalSection
EndGlobal
